// !$*UTF8*$!
{
	archiveVersion = 1;
	classes = {
	};
	objectVersion = 48;
	objects = {

/* Begin PBXBuildFile section */
		7273BC6C1F88023400EAFE33 /* AppDelegate.swift in Sources */ = {isa = PBXBuildFile; fileRef = 7273BC6B1F88023400EAFE33 /* AppDelegate.swift */; };
		7273BC6E1F88023400EAFE33 /* ViewController.swift in Sources */ = {isa = PBXBuildFile; fileRef = 7273BC6D1F88023400EAFE33 /* ViewController.swift */; };
		7273BC711F88023400EAFE33 /* Main.storyboard in Resources */ = {isa = PBXBuildFile; fileRef = 7273BC6F1F88023400EAFE33 /* Main.storyboard */; };
		7273BC731F88023400EAFE33 /* Assets.xcassets in Resources */ = {isa = PBXBuildFile; fileRef = 7273BC721F88023400EAFE33 /* Assets.xcassets */; };
		7273BC761F88023400EAFE33 /* LaunchScreen.storyboard in Resources */ = {isa = PBXBuildFile; fileRef = 7273BC741F88023400EAFE33 /* LaunchScreen.storyboard */; };
		7273BC811F88023400EAFE33 /* LudiTerraFirstTests.swift in Sources */ = {isa = PBXBuildFile; fileRef = 7273BC801F88023400EAFE33 /* LudiTerraFirstTests.swift */; };
		7273BC8C1F88023400EAFE33 /* LudiTerraFirstUITests.swift in Sources */ = {isa = PBXBuildFile; fileRef = 7273BC8B1F88023400EAFE33 /* LudiTerraFirstUITests.swift */; };
/* End PBXBuildFile section */

/* Begin PBXContainerItemProxy section */
		7273BC7D1F88023400EAFE33 /* PBXContainerItemProxy */ = {
			isa = PBXContainerItemProxy;
			containerPortal = 7273BC601F88023400EAFE33 /* Project object */;
			proxyType = 1;
			remoteGlobalIDString = 7273BC671F88023400EAFE33;
			remoteInfo = LudiTerraFirst;
		};
		7273BC881F88023400EAFE33 /* PBXContainerItemProxy */ = {
			isa = PBXContainerItemProxy;
			containerPortal = 7273BC601F88023400EAFE33 /* Project object */;
			proxyType = 1;
			remoteGlobalIDString = 7273BC671F88023400EAFE33;
			remoteInfo = LudiTerraFirst;
		};
/* End PBXContainerItemProxy section */

/* Begin PBXFileReference section */
		7273BC681F88023400EAFE33 /* LudiTerraFirst.app */ = {isa = PBXFileReference; explicitFileType = wrapper.application; includeInIndex = 0; path = LudiTerraFirst.app; sourceTree = BUILT_PRODUCTS_DIR; };
		7273BC6B1F88023400EAFE33 /* AppDelegate.swift */ = {isa = PBXFileReference; lastKnownFileType = sourcecode.swift; path = AppDelegate.swift; sourceTree = "<group>"; };
		7273BC6D1F88023400EAFE33 /* ViewController.swift */ = {isa = PBXFileReference; lastKnownFileType = sourcecode.swift; path = ViewController.swift; sourceTree = "<group>"; };
		7273BC701F88023400EAFE33 /* Base */ = {isa = PBXFileReference; lastKnownFileType = file.storyboard; name = Base; path = Base.lproj/Main.storyboard; sourceTree = "<group>"; };
		7273BC721F88023400EAFE33 /* Assets.xcassets */ = {isa = PBXFileReference; lastKnownFileType = folder.assetcatalog; path = Assets.xcassets; sourceTree = "<group>"; };
		7273BC751F88023400EAFE33 /* Base */ = {isa = PBXFileReference; lastKnownFileType = file.storyboard; name = Base; path = Base.lproj/LaunchScreen.storyboard; sourceTree = "<group>"; };
		7273BC771F88023400EAFE33 /* Info.plist */ = {isa = PBXFileReference; lastKnownFileType = text.plist.xml; path = Info.plist; sourceTree = "<group>"; };
		7273BC7C1F88023400EAFE33 /* LudiTerraFirstTests.xctest */ = {isa = PBXFileReference; explicitFileType = wrapper.cfbundle; includeInIndex = 0; path = LudiTerraFirstTests.xctest; sourceTree = BUILT_PRODUCTS_DIR; };
		7273BC801F88023400EAFE33 /* LudiTerraFirstTests.swift */ = {isa = PBXFileReference; lastKnownFileType = sourcecode.swift; path = LudiTerraFirstTests.swift; sourceTree = "<group>"; };
		7273BC821F88023400EAFE33 /* Info.plist */ = {isa = PBXFileReference; lastKnownFileType = text.plist.xml; path = Info.plist; sourceTree = "<group>"; };
		7273BC871F88023400EAFE33 /* LudiTerraFirstUITests.xctest */ = {isa = PBXFileReference; explicitFileType = wrapper.cfbundle; includeInIndex = 0; path = LudiTerraFirstUITests.xctest; sourceTree = BUILT_PRODUCTS_DIR; };
		7273BC8B1F88023400EAFE33 /* LudiTerraFirstUITests.swift */ = {isa = PBXFileReference; lastKnownFileType = sourcecode.swift; path = LudiTerraFirstUITests.swift; sourceTree = "<group>"; };
		7273BC8D1F88023400EAFE33 /* Info.plist */ = {isa = PBXFileReference; lastKnownFileType = text.plist.xml; path = Info.plist; sourceTree = "<group>"; };
/* End PBXFileReference section */

/* Begin PBXFrameworksBuildPhase section */
		7273BC651F88023400EAFE33 /* Frameworks */ = {
			isa = PBXFrameworksBuildPhase;
			buildActionMask = 2147483647;
			files = (
			);
			runOnlyForDeploymentPostprocessing = 0;
		};
		7273BC791F88023400EAFE33 /* Frameworks */ = {
			isa = PBXFrameworksBuildPhase;
			buildActionMask = 2147483647;
			files = (
			);
			runOnlyForDeploymentPostprocessing = 0;
		};
		7273BC841F88023400EAFE33 /* Frameworks */ = {
			isa = PBXFrameworksBuildPhase;
			buildActionMask = 2147483647;
			files = (
			);
			runOnlyForDeploymentPostprocessing = 0;
		};
/* End PBXFrameworksBuildPhase section */

/* Begin PBXGroup section */
		7273BC5F1F88023400EAFE33 = {
			isa = PBXGroup;
			children = (
				7273BC6A1F88023400EAFE33 /* LudiTerraFirst */,
				7273BC7F1F88023400EAFE33 /* LudiTerraFirstTests */,
				7273BC8A1F88023400EAFE33 /* LudiTerraFirstUITests */,
				7273BC691F88023400EAFE33 /* Products */,
			);
			sourceTree = "<group>";
		};
		7273BC691F88023400EAFE33 /* Products */ = {
			isa = PBXGroup;
			children = (
				7273BC681F88023400EAFE33 /* LudiTerraFirst.app */,
				7273BC7C1F88023400EAFE33 /* LudiTerraFirstTests.xctest */,
				7273BC871F88023400EAFE33 /* LudiTerraFirstUITests.xctest */,
			);
			name = Products;
			sourceTree = "<group>";
		};
		7273BC6A1F88023400EAFE33 /* LudiTerraFirst */ = {
			isa = PBXGroup;
			children = (
				7273BC6B1F88023400EAFE33 /* AppDelegate.swift */,
				7273BC6D1F88023400EAFE33 /* ViewController.swift */,
				7273BC6F1F88023400EAFE33 /* Main.storyboard */,
				7273BC721F88023400EAFE33 /* Assets.xcassets */,
				7273BC741F88023400EAFE33 /* LaunchScreen.storyboard */,
				7273BC771F88023400EAFE33 /* Info.plist */,
			);
			path = LudiTerraFirst;
			sourceTree = "<group>";
		};
		7273BC7F1F88023400EAFE33 /* LudiTerraFirstTests */ = {
			isa = PBXGroup;
			children = (
				7273BC801F88023400EAFE33 /* LudiTerraFirstTests.swift */,
				7273BC821F88023400EAFE33 /* Info.plist */,
			);
			path = LudiTerraFirstTests;
			sourceTree = "<group>";
		};
		7273BC8A1F88023400EAFE33 /* LudiTerraFirstUITests */ = {
			isa = PBXGroup;
			children = (
				7273BC8B1F88023400EAFE33 /* LudiTerraFirstUITests.swift */,
				7273BC8D1F88023400EAFE33 /* Info.plist */,
			);
			path = LudiTerraFirstUITests;
			sourceTree = "<group>";
		};
/* End PBXGroup section */

/* Begin PBXNativeTarget section */
		7273BC671F88023400EAFE33 /* LudiTerraFirst */ = {
			isa = PBXNativeTarget;
			buildConfigurationList = 7273BC901F88023400EAFE33 /* Build configuration list for PBXNativeTarget "LudiTerraFirst" */;
			buildPhases = (
				7273BC641F88023400EAFE33 /* Sources */,
				7273BC651F88023400EAFE33 /* Frameworks */,
				7273BC661F88023400EAFE33 /* Resources */,
			);
			buildRules = (
			);
			dependencies = (
			);
			name = LudiTerraFirst;
			productName = LudiTerraFirst;
			productReference = 7273BC681F88023400EAFE33 /* LudiTerraFirst.app */;
			productType = "com.apple.product-type.application";
		};
		7273BC7B1F88023400EAFE33 /* LudiTerraFirstTests */ = {
			isa = PBXNativeTarget;
			buildConfigurationList = 7273BC931F88023400EAFE33 /* Build configuration list for PBXNativeTarget "LudiTerraFirstTests" */;
			buildPhases = (
				7273BC781F88023400EAFE33 /* Sources */,
				7273BC791F88023400EAFE33 /* Frameworks */,
				7273BC7A1F88023400EAFE33 /* Resources */,
			);
			buildRules = (
			);
			dependencies = (
				7273BC7E1F88023400EAFE33 /* PBXTargetDependency */,
			);
			name = LudiTerraFirstTests;
			productName = LudiTerraFirstTests;
			productReference = 7273BC7C1F88023400EAFE33 /* LudiTerraFirstTests.xctest */;
			productType = "com.apple.product-type.bundle.unit-test";
		};
		7273BC861F88023400EAFE33 /* LudiTerraFirstUITests */ = {
			isa = PBXNativeTarget;
			buildConfigurationList = 7273BC961F88023400EAFE33 /* Build configuration list for PBXNativeTarget "LudiTerraFirstUITests" */;
			buildPhases = (
				7273BC831F88023400EAFE33 /* Sources */,
				7273BC841F88023400EAFE33 /* Frameworks */,
				7273BC851F88023400EAFE33 /* Resources */,
			);
			buildRules = (
			);
			dependencies = (
				7273BC891F88023400EAFE33 /* PBXTargetDependency */,
			);
			name = LudiTerraFirstUITests;
			productName = LudiTerraFirstUITests;
			productReference = 7273BC871F88023400EAFE33 /* LudiTerraFirstUITests.xctest */;
			productType = "com.apple.product-type.bundle.ui-testing";
		};
/* End PBXNativeTarget section */

/* Begin PBXProject section */
		7273BC601F88023400EAFE33 /* Project object */ = {
			isa = PBXProject;
			attributes = {
				LastSwiftUpdateCheck = 0900;
				LastUpgradeCheck = 0900;
				ORGANIZATIONNAME = "Amaya Penunuri, Yael";
				TargetAttributes = {
					7273BC671F88023400EAFE33 = {
						CreatedOnToolsVersion = 9.0;
						ProvisioningStyle = Automatic;
					};
					7273BC7B1F88023400EAFE33 = {
						CreatedOnToolsVersion = 9.0;
						ProvisioningStyle = Automatic;
						TestTargetID = 7273BC671F88023400EAFE33;
					};
					7273BC861F88023400EAFE33 = {
						CreatedOnToolsVersion = 9.0;
						ProvisioningStyle = Automatic;
						TestTargetID = 7273BC671F88023400EAFE33;
					};
				};
			};
			buildConfigurationList = 7273BC631F88023400EAFE33 /* Build configuration list for PBXProject "LudiTerraFirst" */;
			compatibilityVersion = "Xcode 8.0";
			developmentRegion = en;
			hasScannedForEncodings = 0;
			knownRegions = (
				en,
				Base,
			);
			mainGroup = 7273BC5F1F88023400EAFE33;
			productRefGroup = 7273BC691F88023400EAFE33 /* Products */;
			projectDirPath = "";
			projectRoot = "";
			targets = (
				7273BC671F88023400EAFE33 /* LudiTerraFirst */,
				7273BC7B1F88023400EAFE33 /* LudiTerraFirstTests */,
				7273BC861F88023400EAFE33 /* LudiTerraFirstUITests */,
			);
		};
/* End PBXProject section */

/* Begin PBXResourcesBuildPhase section */
		7273BC661F88023400EAFE33 /* Resources */ = {
			isa = PBXResourcesBuildPhase;
			buildActionMask = 2147483647;
			files = (
				7273BC761F88023400EAFE33 /* LaunchScreen.storyboard in Resources */,
				7273BC731F88023400EAFE33 /* Assets.xcassets in Resources */,
				7273BC711F88023400EAFE33 /* Main.storyboard in Resources */,
			);
			runOnlyForDeploymentPostprocessing = 0;
		};
		7273BC7A1F88023400EAFE33 /* Resources */ = {
			isa = PBXResourcesBuildPhase;
			buildActionMask = 2147483647;
			files = (
			);
			runOnlyForDeploymentPostprocessing = 0;
		};
		7273BC851F88023400EAFE33 /* Resources */ = {
			isa = PBXResourcesBuildPhase;
			buildActionMask = 2147483647;
			files = (
			);
			runOnlyForDeploymentPostprocessing = 0;
		};
/* End PBXResourcesBuildPhase section */

/* Begin PBXSourcesBuildPhase section */
		7273BC641F88023400EAFE33 /* Sources */ = {
			isa = PBXSourcesBuildPhase;
			buildActionMask = 2147483647;
			files = (
				7273BC6E1F88023400EAFE33 /* ViewController.swift in Sources */,
				7273BC6C1F88023400EAFE33 /* AppDelegate.swift in Sources */,
			);
			runOnlyForDeploymentPostprocessing = 0;
		};
		7273BC781F88023400EAFE33 /* Sources */ = {
			isa = PBXSourcesBuildPhase;
			buildActionMask = 2147483647;
			files = (
				7273BC811F88023400EAFE33 /* LudiTerraFirstTests.swift in Sources */,
			);
			runOnlyForDeploymentPostprocessing = 0;
		};
		7273BC831F88023400EAFE33 /* Sources */ = {
			isa = PBXSourcesBuildPhase;
			buildActionMask = 2147483647;
			files = (
				7273BC8C1F88023400EAFE33 /* LudiTerraFirstUITests.swift in Sources */,
			);
			runOnlyForDeploymentPostprocessing = 0;
		};
/* End PBXSourcesBuildPhase section */

/* Begin PBXTargetDependency section */
		7273BC7E1F88023400EAFE33 /* PBXTargetDependency */ = {
			isa = PBXTargetDependency;
			target = 7273BC671F88023400EAFE33 /* LudiTerraFirst */;
			targetProxy = 7273BC7D1F88023400EAFE33 /* PBXContainerItemProxy */;
		};
		7273BC891F88023400EAFE33 /* PBXTargetDependency */ = {
			isa = PBXTargetDependency;
			target = 7273BC671F88023400EAFE33 /* LudiTerraFirst */;
			targetProxy = 7273BC881F88023400EAFE33 /* PBXContainerItemProxy */;
		};
/* End PBXTargetDependency section */

/* Begin PBXVariantGroup section */
		7273BC6F1F88023400EAFE33 /* Main.storyboard */ = {
			isa = PBXVariantGroup;
			children = (
				7273BC701F88023400EAFE33 /* Base */,
			);
			name = Main.storyboard;
			sourceTree = "<group>";
		};
		7273BC741F88023400EAFE33 /* LaunchScreen.storyboard */ = {
			isa = PBXVariantGroup;
			children = (
				7273BC751F88023400EAFE33 /* Base */,
			);
			name = LaunchScreen.storyboard;
			sourceTree = "<group>";
		};
/* End PBXVariantGroup section */

/* Begin XCBuildConfiguration section */
		7273BC8E1F88023400EAFE33 /* Debug */ = {
			isa = XCBuildConfiguration;
			buildSettings = {
				ALWAYS_SEARCH_USER_PATHS = NO;
				CLANG_ANALYZER_NONNULL = YES;
				CLANG_ANALYZER_NUMBER_OBJECT_CONVERSION = YES_AGGRESSIVE;
				CLANG_CXX_LANGUAGE_STANDARD = "gnu++14";
				CLANG_CXX_LIBRARY = "libc++";
				CLANG_ENABLE_MODULES = YES;
				CLANG_ENABLE_OBJC_ARC = YES;
				CLANG_WARN_BLOCK_CAPTURE_AUTORELEASING = YES;
				CLANG_WARN_BOOL_CONVERSION = YES;
				CLANG_WARN_COMMA = YES;
				CLANG_WARN_CONSTANT_CONVERSION = YES;
				CLANG_WARN_DIRECT_OBJC_ISA_USAGE = YES_ERROR;
				CLANG_WARN_DOCUMENTATION_COMMENTS = YES;
				CLANG_WARN_EMPTY_BODY = YES;
				CLANG_WARN_ENUM_CONVERSION = YES;
				CLANG_WARN_INFINITE_RECURSION = YES;
				CLANG_WARN_INT_CONVERSION = YES;
				CLANG_WARN_NON_LITERAL_NULL_CONVERSION = YES;
				CLANG_WARN_OBJC_LITERAL_CONVERSION = YES;
				CLANG_WARN_OBJC_ROOT_CLASS = YES_ERROR;
				CLANG_WARN_RANGE_LOOP_ANALYSIS = YES;
				CLANG_WARN_STRICT_PROTOTYPES = YES;
				CLANG_WARN_SUSPICIOUS_MOVE = YES;
				CLANG_WARN_UNGUARDED_AVAILABILITY = YES_AGGRESSIVE;
				CLANG_WARN_UNREACHABLE_CODE = YES;
				CLANG_WARN__DUPLICATE_METHOD_MATCH = YES;
				CODE_SIGN_IDENTITY = "iPhone Developer";
				COPY_PHASE_STRIP = NO;
				DEBUG_INFORMATION_FORMAT = dwarf;
				ENABLE_STRICT_OBJC_MSGSEND = YES;
				ENABLE_TESTABILITY = YES;
				GCC_C_LANGUAGE_STANDARD = gnu11;
				GCC_DYNAMIC_NO_PIC = NO;
				GCC_NO_COMMON_BLOCKS = YES;
				GCC_OPTIMIZATION_LEVEL = 0;
				GCC_PREPROCESSOR_DEFINITIONS = (
					"DEBUG=1",
					"$(inherited)",
				);
				GCC_WARN_64_TO_32_BIT_CONVERSION = YES;
				GCC_WARN_ABOUT_RETURN_TYPE = YES_ERROR;
				GCC_WARN_UNDECLARED_SELECTOR = YES;
				GCC_WARN_UNINITIALIZED_AUTOS = YES_AGGRESSIVE;
				GCC_WARN_UNUSED_FUNCTION = YES;
				GCC_WARN_UNUSED_VARIABLE = YES;
				IPHONEOS_DEPLOYMENT_TARGET = 11.0;
				MTL_ENABLE_DEBUG_INFO = YES;
				ONLY_ACTIVE_ARCH = YES;
				SDKROOT = iphoneos;
				SWIFT_ACTIVE_COMPILATION_CONDITIONS = DEBUG;
				SWIFT_OPTIMIZATION_LEVEL = "-Onone";
			};
			name = Debug;
		};
		7273BC8F1F88023400EAFE33 /* Release */ = {
			isa = XCBuildConfiguration;
			buildSettings = {
				ALWAYS_SEARCH_USER_PATHS = NO;
				CLANG_ANALYZER_NONNULL = YES;
				CLANG_ANALYZER_NUMBER_OBJECT_CONVERSION = YES_AGGRESSIVE;
				CLANG_CXX_LANGUAGE_STANDARD = "gnu++14";
				CLANG_CXX_LIBRARY = "libc++";
				CLANG_ENABLE_MODULES = YES;
				CLANG_ENABLE_OBJC_ARC = YES;
				CLANG_WARN_BLOCK_CAPTURE_AUTORELEASING = YES;
				CLANG_WARN_BOOL_CONVERSION = YES;
				CLANG_WARN_COMMA = YES;
				CLANG_WARN_CONSTANT_CONVERSION = YES;
				CLANG_WARN_DIRECT_OBJC_ISA_USAGE = YES_ERROR;
				CLANG_WARN_DOCUMENTATION_COMMENTS = YES;
				CLANG_WARN_EMPTY_BODY = YES;
				CLANG_WARN_ENUM_CONVERSION = YES;
				CLANG_WARN_INFINITE_RECURSION = YES;
				CLANG_WARN_INT_CONVERSION = YES;
				CLANG_WARN_NON_LITERAL_NULL_CONVERSION = YES;
				CLANG_WARN_OBJC_LITERAL_CONVERSION = YES;
				CLANG_WARN_OBJC_ROOT_CLASS = YES_ERROR;
				CLANG_WARN_RANGE_LOOP_ANALYSIS = YES;
				CLANG_WARN_STRICT_PROTOTYPES = YES;
				CLANG_WARN_SUSPICIOUS_MOVE = YES;
				CLANG_WARN_UNGUARDED_AVAILABILITY = YES_AGGRESSIVE;
				CLANG_WARN_UNREACHABLE_CODE = YES;
				CLANG_WARN__DUPLICATE_METHOD_MATCH = YES;
				CODE_SIGN_IDENTITY = "iPhone Developer";
				COPY_PHASE_STRIP = NO;
				DEBUG_INFORMATION_FORMAT = "dwarf-with-dsym";
				ENABLE_NS_ASSERTIONS = NO;
				ENABLE_STRICT_OBJC_MSGSEND = YES;
				GCC_C_LANGUAGE_STANDARD = gnu11;
				GCC_NO_COMMON_BLOCKS = YES;
				GCC_WARN_64_TO_32_BIT_CONVERSION = YES;
				GCC_WARN_ABOUT_RETURN_TYPE = YES_ERROR;
				GCC_WARN_UNDECLARED_SELECTOR = YES;
				GCC_WARN_UNINITIALIZED_AUTOS = YES_AGGRESSIVE;
				GCC_WARN_UNUSED_FUNCTION = YES;
				GCC_WARN_UNUSED_VARIABLE = YES;
				IPHONEOS_DEPLOYMENT_TARGET = 11.0;
				MTL_ENABLE_DEBUG_INFO = NO;
				SDKROOT = iphoneos;
				SWIFT_OPTIMIZATION_LEVEL = "-Owholemodule";
				VALIDATE_PRODUCT = YES;
			};
			name = Release;
		};
		7273BC911F88023400EAFE33 /* Debug */ = {
			isa = XCBuildConfiguration;
			buildSettings = {
				ASSETCATALOG_COMPILER_APPICON_NAME = AppIcon;
				CODE_SIGN_STYLE = Automatic;
				INFOPLIST_FILE = LudiTerraFirst/Info.plist;
				IPHONEOS_DEPLOYMENT_TARGET = 10.0;
				LD_RUNPATH_SEARCH_PATHS = "$(inherited) @executable_path/Frameworks";
				PRODUCT_BUNDLE_IDENTIFIER = "Ludi-Terra.LudiTerraFirst";
				PRODUCT_NAME = "$(TARGET_NAME)";
				SWIFT_VERSION = 4.0;
				TARGETED_DEVICE_FAMILY = "1,2";
			};
			name = Debug;
		};
		7273BC921F88023400EAFE33 /* Release */ = {
			isa = XCBuildConfiguration;
			buildSettings = {
				ASSETCATALOG_COMPILER_APPICON_NAME = AppIcon;
				CODE_SIGN_STYLE = Automatic;
				INFOPLIST_FILE = LudiTerraFirst/Info.plist;
				IPHONEOS_DEPLOYMENT_TARGET = 10.0;
				LD_RUNPATH_SEARCH_PATHS = "$(inherited) @executable_path/Frameworks";
				PRODUCT_BUNDLE_IDENTIFIER = "Ludi-Terra.LudiTerraFirst";
				PRODUCT_NAME = "$(TARGET_NAME)";
				SWIFT_VERSION = 4.0;
				TARGETED_DEVICE_FAMILY = "1,2";
			};
			name = Release;
		};
		7273BC941F88023400EAFE33 /* Debug */ = {
			isa = XCBuildConfiguration;
			buildSettings = {
				ALWAYS_EMBED_SWIFT_STANDARD_LIBRARIES = YES;
				BUNDLE_LOADER = "$(TEST_HOST)";
				CODE_SIGN_STYLE = Automatic;
				INFOPLIST_FILE = LudiTerraFirstTests/Info.plist;
				LD_RUNPATH_SEARCH_PATHS = "$(inherited) @executable_path/Frameworks @loader_path/Frameworks";
				PRODUCT_BUNDLE_IDENTIFIER = "Ludi-Terra.LudiTerraFirstTests";
				PRODUCT_NAME = "$(TARGET_NAME)";
				SWIFT_VERSION = 4.0;
				TARGETED_DEVICE_FAMILY = "1,2";
				TEST_HOST = "$(BUILT_PRODUCTS_DIR)/LudiTerraFirst.app/LudiTerraFirst";
			};
			name = Debug;
		};
		7273BC951F88023400EAFE33 /* Release */ = {
			isa = XCBuildConfiguration;
			buildSettings = {
				ALWAYS_EMBED_SWIFT_STANDARD_LIBRARIES = YES;
				BUNDLE_LOADER = "$(TEST_HOST)";
				CODE_SIGN_STYLE = Automatic;
				INFOPLIST_FILE = LudiTerraFirstTests/Info.plist;
				LD_RUNPATH_SEARCH_PATHS = "$(inherited) @executable_path/Frameworks @loader_path/Frameworks";
				PRODUCT_BUNDLE_IDENTIFIER = "Ludi-Terra.LudiTerraFirstTests";
				PRODUCT_NAME = "$(TARGET_NAME)";
				SWIFT_VERSION = 4.0;
				TARGETED_DEVICE_FAMILY = "1,2";
				TEST_HOST = "$(BUILT_PRODUCTS_DIR)/LudiTerraFirst.app/LudiTerraFirst";
			};
			name = Release;
		};
		7273BC971F88023400EAFE33 /* Debug */ = {
			isa = XCBuildConfiguration;
			buildSettings = {
				ALWAYS_EMBED_SWIFT_STANDARD_LIBRARIES = YES;
				CODE_SIGN_STYLE = Automatic;
				INFOPLIST_FILE = LudiTerraFirstUITests/Info.plist;
				LD_RUNPATH_SEARCH_PATHS = "$(inherited) @executable_path/Frameworks @loader_path/Frameworks";
				PRODUCT_BUNDLE_IDENTIFIER = "Ludi-Terra.LudiTerraFirstUITests";
				PRODUCT_NAME = "$(TARGET_NAME)";
				SWIFT_VERSION = 4.0;
				TARGETED_DEVICE_FAMILY = "1,2";
				TEST_TARGET_NAME = LudiTerraFirst;
			};
			name = Debug;
		};
		7273BC981F88023400EAFE33 /* Release */ = {
			isa = XCBuildConfiguration;
			buildSettings = {
				ALWAYS_EMBED_SWIFT_STANDARD_LIBRARIES = YES;
				CODE_SIGN_STYLE = Automatic;
				INFOPLIST_FILE = LudiTerraFirstUITests/Info.plist;
				LD_RUNPATH_SEARCH_PATHS = "$(inherited) @executable_path/Frameworks @loader_path/Frameworks";
				PRODUCT_BUNDLE_IDENTIFIER = "Ludi-Terra.LudiTerraFirstUITests";
				PRODUCT_NAME = "$(TARGET_NAME)";
				SWIFT_VERSION = 4.0;
				TARGETED_DEVICE_FAMILY = "1,2";
				TEST_TARGET_NAME = LudiTerraFirst;
			};
			name = Release;
		};
/* End XCBuildConfiguration section */

/* Begin XCConfigurationList section */
		7273BC631F88023400EAFE33 /* Build configuration list for PBXProject "LudiTerraFirst" */ = {
			isa = XCConfigurationList;
			buildConfigurations = (
				7273BC8E1F88023400EAFE33 /* Debug */,
				7273BC8F1F88023400EAFE33 /* Release */,
			);
			defaultConfigurationIsVisible = 0;
			defaultConfigurationName = Release;
		};
		7273BC901F88023400EAFE33 /* Build configuration list for PBXNativeTarget "LudiTerraFirst" */ = {
			isa = XCConfigurationList;
			buildConfigurations = (
				7273BC911F88023400EAFE33 /* Debug */,
				7273BC921F88023400EAFE33 /* Release */,
			);
			defaultConfigurationIsVisible = 0;
			defaultConfigurationName = Release;
		};
		7273BC931F88023400EAFE33 /* Build configuration list for PBXNativeTarget "LudiTerraFirstTests" */ = {
			isa = XCConfigurationList;
			buildConfigurations = (
				7273BC941F88023400EAFE33 /* Debug */,
				7273BC951F88023400EAFE33 /* Release */,
			);
			defaultConfigurationIsVisible = 0;
			defaultConfigurationName = Release;
		};
		7273BC961F88023400EAFE33 /* Build configuration list for PBXNativeTarget "LudiTerraFirstUITests" */ = {
			isa = XCConfigurationList;
			buildConfigurations = (
				7273BC971F88023400EAFE33 /* Debug */,
				7273BC981F88023400EAFE33 /* Release */,
			);
			defaultConfigurationIsVisible = 0;
			defaultConfigurationName = Release;
		};
/* End XCConfigurationList section */
	};
	rootObject = 7273BC601F88023400EAFE33 /* Project object */;
}
